lockfileVersion: '9.0'

settings:
  autoInstallPeers: true
  excludeLinksFromLockfile: false

importers:

  .:
    dependencies:
      '@tanstack/svelte-query':
        specifier: ^5.80.7
        version: 5.80.7(svelte@5.34.5)
      knip:
        specifier: https://pkg.pr.new/knip@1132
        version: https://pkg.pr.new/knip@1132(@types/node@24.0.3)(typescript@5.8.3)
    devDependencies:
      '@hey-api/openapi-ts':
        specifier: ^0.73.0
        version: 0.73.0(typescript@5.8.3)

packages:

  '@ampproject/remapping@2.3.0':
    resolution: {integrity: sha512-30iZtAPgz+LTIYoeivqYo853f02jBYSd5uGnGpkFV0M3xOt9aN73erkgYAmZU43x4VfqcnLxW9Kpg3R5LC4YYw==}
    engines: {node: '>=6.0.0'}

  '@emnapi/core@1.4.3':
    resolution: {integrity: sha512-4m62DuCE07lw01soJwPiBGC0nAww0Q+RY70VZ+n49yDIO13yyinhbWCeNnaob0lakDtWQzSdtNWzJeOJt2ma+g==}

  '@emnapi/runtime@1.4.3':
    resolution: {integrity: sha512-pBPWdu6MLKROBX05wSNKcNb++m5Er+KQ9QkB+WVM+pW2Kx9hoSrVTnu3BdkI5eBLZoKu/J6mW/B6i6bJB2ytXQ==}

  '@emnapi/wasi-threads@1.0.2':
    resolution: {integrity: sha512-5n3nTJblwRi8LlXkJ9eBzu+kZR8Yxcc7ubakyQTFzPMtIhFpUBRbsnc2Dv88IZDIbCDlBiWrknhB4Lsz7mg6BA==}

  '@hey-api/json-schema-ref-parser@1.0.6':
    resolution: {integrity: sha512-yktiFZoWPtEW8QKS65eqKwA5MTKp88CyiL8q72WynrBs/73SAaxlSWlA2zW/DZlywZ5hX1OYzrCC0wFdvO9c2w==}
    engines: {node: '>= 16'}

  '@hey-api/openapi-ts@0.73.0':
    resolution: {integrity: sha512-sUscR3OIGW0k9U//28Cu6BTp3XaogWMDORj9H+5Du9E5AvTT7LZbCEDvkLhebFOPkp2cZAQfd66HiZsiwssBcQ==}
    engines: {node: ^18.18.0 || ^20.9.0 || >=22.10.0}
    hasBin: true
    peerDependencies:
      typescript: ^5.5.3

  '@jridgewell/gen-mapping@0.3.8':
    resolution: {integrity: sha512-imAbBGkb+ebQyxKgzv5Hu2nmROxoDOXHh80evxdoXNOrvAnVx7zimzc1Oo5h9RlfV4vPXaE2iM5pOFbvOCClWA==}
    engines: {node: '>=6.0.0'}

  '@jridgewell/resolve-uri@3.1.2':
    resolution: {integrity: sha512-bRISgCIjP20/tbWSPWMEi54QVPRZExkuD9lJL+UIxUKtwVJA8wW1Trb1jMs1RFXo1CBTNZ/5hpC9QvmKWdopKw==}
    engines: {node: '>=6.0.0'}

  '@jridgewell/set-array@1.2.1':
    resolution: {integrity: sha512-R8gLRTZeyp03ymzP/6Lil/28tGeGEzhx1q2k703KGWRAI1VdvPIXdG70VJc2pAMw3NA6JKL5hhFu1sJX0Mnn/A==}
    engines: {node: '>=6.0.0'}

  '@jridgewell/sourcemap-codec@1.5.0':
    resolution: {integrity: sha512-gv3ZRaISU3fjPAgNsriBRqGWQL6quFx04YMPW/zD8XMLsU32mhCCbfbO6KZFLjvYpCZ8zyDEgqsgf+PwPaM7GQ==}

  '@jridgewell/trace-mapping@0.3.25':
    resolution: {integrity: sha512-vNk6aEwybGtawWmy/PzwnGDOjCkLWSD2wqvjGGAgOAwCGWySYXfYoxt00IJkTF+8Lb57DwOb3Aa0o9CApepiYQ==}

  '@jsdevtools/ono@7.1.3':
    resolution: {integrity: sha512-4JQNk+3mVzK3xh2rqd6RB4J46qUR19azEHBneZyTZM+c456qOrbbM/5xcR8huNCCcbVt7+UmizG6GuUvPvKUYg==}

  '@napi-rs/wasm-runtime@0.2.11':
    resolution: {integrity: sha512-9DPkXtvHydrcOsopiYpUgPHpmj0HWZKMUnL2dZqpvC42lsratuBG06V5ipyno0fUek5VlFsNQ+AcFATSrJXgMA==}

  '@nodelib/fs.scandir@2.1.5':
    resolution: {integrity: sha512-vq24Bq3ym5HEQm2NKCr3yXDwjc7vTsEThRDnkp2DK9p1uqLR+DHurm/NOTo0KG7HYHU7eppKZj3MyqYuMBf62g==}
    engines: {node: '>= 8'}

  '@nodelib/fs.stat@2.0.5':
    resolution: {integrity: sha512-RkhPPp2zrqDAQA/2jNhnztcPAlv64XdhIp7a7454A5ovI7Bukxgt7MX7udwAu3zg1DcpPU0rz3VV1SeaqvY4+A==}
    engines: {node: '>= 8'}

  '@nodelib/fs.walk@1.2.8':
    resolution: {integrity: sha512-oGB+UxlgWcgQkgwo8GcEGwemoTFt3FIO9ababBmaGwXIoBKZ+GTy0pP185beGg7Llih/NSHSV2XAs1lnznocSg==}
    engines: {node: '>= 8'}

  '@oxc-resolver/binding-darwin-arm64@11.2.0':
    resolution: {integrity: sha512-ruKLkS+Dm/YIJaUhzEB7zPI+jh3EXxu0QnNV8I7t9jf0lpD2VnltuyRbhrbJEkksklZj//xCMyFFsILGjiU2Mg==}
    cpu: [arm64]
    os: [darwin]

  '@oxc-resolver/binding-darwin-x64@11.2.0':
    resolution: {integrity: sha512-0zhgNUm5bYezdSFOg3FYhtVP83bAq7FTV/3suGQDl/43MixfQG7+bl+hlrP4mz6WlD2SUb2u9BomnJWl1uey9w==}
    cpu: [x64]
    os: [darwin]

  '@oxc-resolver/binding-freebsd-x64@11.2.0':
    resolution: {integrity: sha512-SHOxfCcZV1axeIGfyeD1BkdLvfQgjmPy18tO0OUXGElcdScxD6MqU5rj/AVtiuBT+51GtFfOKlwl1+BdVwhD1A==}
    cpu: [x64]
    os: [freebsd]

  '@oxc-resolver/binding-linux-arm-gnueabihf@11.2.0':
    resolution: {integrity: sha512-mgEkYrJ+N90sgEDqEZ07zH+4I1D28WjqAhdzfW3aS2x2vynVpoY9jWfHuH8S62vZt3uATJrTKTRa8CjPWEsrdw==}
    cpu: [arm]
    os: [linux]

  '@oxc-resolver/binding-linux-arm64-gnu@11.2.0':
    resolution: {integrity: sha512-BhEzNLjn4HjP8+Q18D3/jeIDBxW7OgoJYIjw2CaaysnYneoTlij8hPTKxHfyqq4IGM3fFs9TLR/k338M3zkQ7g==}
    cpu: [arm64]
    os: [linux]

  '@oxc-resolver/binding-linux-arm64-musl@11.2.0':
    resolution: {integrity: sha512-yxbMYUgRmN2V8x8XoxmD/Qq6aG7YIW3ToMDILfmcfeeRRVieEJ3DOWBT0JSE+YgrOy79OyFDH/1lO8VnqLmDQQ==}
    cpu: [arm64]
    os: [linux]

  '@oxc-resolver/binding-linux-riscv64-gnu@11.2.0':
    resolution: {integrity: sha512-QG1UfgC2N2qhW1tOnDCgB/26vn1RCshR5sYPhMeaxO1gMQ3kEKbZ3QyBXxrG1IX5qsXYj5hPDJLDYNYUjRcOpg==}
    cpu: [riscv64]
    os: [linux]

  '@oxc-resolver/binding-linux-s390x-gnu@11.2.0':
    resolution: {integrity: sha512-uqTDsQdi6mrkSV1gvwbuT8jf/WFl6qVDVjNlx7IPSaAByrNiJfPrhTmH8b+Do58Dylz7QIRZgxQ8CHIZSyBUdg==}
    cpu: [s390x]
    os: [linux]

  '@oxc-resolver/binding-linux-x64-gnu@11.2.0':
    resolution: {integrity: sha512-GZdHXhJ7p6GaQg9MjRqLebwBf8BLvGIagccI6z5yMj4fV3LU4QuDfwSEERG+R6oQ/Su9672MBqWwncvKcKT68w==}
    cpu: [x64]
    os: [linux]

  '@oxc-resolver/binding-linux-x64-musl@11.2.0':
    resolution: {integrity: sha512-YBAC3GOicYznReG2twE7oFPSeK9Z1f507z1EYWKg6HpGYRYRlJyszViu7PrhMT85r/MumDTs429zm+CNqpFWOA==}
    cpu: [x64]
    os: [linux]

  '@oxc-resolver/binding-wasm32-wasi@11.2.0':
    resolution: {integrity: sha512-+qlIg45CPVPy+Jn3vqU1zkxA/AAv6e/2Ax/ImX8usZa8Tr2JmQn/93bmSOOOnr9fXRV9d0n4JyqYzSWxWPYDEw==}
    engines: {node: '>=14.0.0'}
    cpu: [wasm32]

  '@oxc-resolver/binding-win32-arm64-msvc@11.2.0':
    resolution: {integrity: sha512-AI4KIpS8Zf6vwfOPk0uQPSC0pQ1m5HU4hCbtrgL21JgJSlnJaeEu3/aoOBB45AXKiExBU9R+CDR7aSnW7uhc5A==}
    cpu: [arm64]
    os: [win32]

  '@oxc-resolver/binding-win32-x64-msvc@11.2.0':
    resolution: {integrity: sha512-r19cQc7HaEJ76HFsMsbiKMTIV2YqFGSof8H5hB7e5Jkb/23Y8Isv1YrSzkDaGhcw02I/COsrPo+eEmjy35eFuA==}
    cpu: [x64]
    os: [win32]

  '@sveltejs/acorn-typescript@1.0.5':
    resolution: {integrity: sha512-IwQk4yfwLdibDlrXVE04jTZYlLnwsTT2PIOQQGNLWfjavGifnk1JD1LcZjZaBTRcxZu2FfPfNLOE04DSu9lqtQ==}
    peerDependencies:
      acorn: ^8.9.0

  '@tanstack/query-core@5.80.7':
    resolution: {integrity: sha512-s09l5zeUKC8q7DCCCIkVSns8zZrK4ZDT6ryEjxNBFi68G4z2EBobBS7rdOY3r6W1WbUDpc1fe5oY+YO/+2UVUg==}

  '@tanstack/svelte-query@5.80.7':
    resolution: {integrity: sha512-QTVW6eBkKc0n4rjXNBhuJkVwY1xu/xVnOnhTtsW9RQOlSZLl14uQwXB23fV2cD6G+Ibo34OxhKAgyfLuEinI9w==}
    peerDependencies:
      svelte: ^3.54.0 || ^4.0.0 || ^5.0.0

  '@tybys/wasm-util@0.9.0':
    resolution: {integrity: sha512-6+7nlbMVX/PVDCwaIQ8nTOPveOcFLSt8GcXdx8hD0bt39uWxYT88uXzqTd4fTvqta7oeUJqudepapKNt2DYJFw==}

  '@types/estree@1.0.8':
    resolution: {integrity: sha512-dWHzHa2WqEXI/O1E9OjrocMTKJl2mSrEolh1Iomrv6U+JuNwaHXsXx9bLu5gG7BUWFIN0skIQJQ/L1rIex4X6w==}

  '@types/json-schema@7.0.15':
    resolution: {integrity: sha512-5+fP8P8MFNC+AyZCDxrB2pkZFPGzqQWUzpSeuuVLvm8VMcorNYavBqoFcxK8bQz4Qsbn4oUEEem4wDLfcysGHA==}

  '@types/node@24.0.3':
    resolution: {integrity: sha512-R4I/kzCYAdRLzfiCabn9hxWfbuHS573x+r0dJMkkzThEa7pbrcDWK+9zu3e7aBOouf+rQAciqPFMnxwr0aWgKg==}

  acorn@8.15.0:
    resolution: {integrity: sha512-NZyJarBfL7nWwIq+FDL6Zp/yHEhePMNnnJ0y3qfieCrmNvYct8uvtiV41UvlSe6apAfk0fY1FbWx+NwfmpvtTg==}
    engines: {node: '>=0.4.0'}
    hasBin: true

  ansi-colors@4.1.3:
    resolution: {integrity: sha512-/6w/C21Pm1A7aZitlI5Ni/2J6FFQN8i1Cvz3kHABAAbw93v/NlvKdVOqz7CCWz/3iv/JplRSEEZ83XION15ovw==}
    engines: {node: '>=6'}

  argparse@2.0.1:
    resolution: {integrity: sha512-8+9WqebbFzpX9OR+Wa6O29asIogeRMzcGtAINdpMHHyAg10f05aSFVBbcEqGf/PXw1EjAZ+q2/bEBg3DvurK3Q==}

  aria-query@5.3.2:
    resolution: {integrity: sha512-COROpnaoap1E2F000S62r6A60uHZnmlvomhfyT2DlTcrY1OrBKn2UhH7qn5wTC9zMvD0AY7csdPSNwKP+7WiQw==}
    engines: {node: '>= 0.4'}

  axobject-query@4.1.0:
    resolution: {integrity: sha512-qIj0G9wZbMGNLjLmg1PT6v2mE9AH2zlnADJD/2tC6E00hgmhUOfEB6greHPAfLRSufHqROIUTkw6E+M3lH0PTQ==}
    engines: {node: '>= 0.4'}

  braces@3.0.3:
    resolution: {integrity: sha512-yQbXgO/OSZVD2IsiLlro+7Hf6Q18EJrKSEsdoMzKePKXct3gvD8oLcOQdIzGupr5Fj+EDe8gO/lxc1BzfMpxvA==}
    engines: {node: '>=8'}

  bundle-name@4.1.0:
    resolution: {integrity: sha512-tjwM5exMg6BGRI+kNmTntNsvdZS1X8BFYS6tnJ2hdH0kVxM6/eVZ2xy+FqStSWvYmtfFMDLIxurorHwDKfDz5Q==}
    engines: {node: '>=18'}

  c12@2.0.1:
    resolution: {integrity: sha512-Z4JgsKXHG37C6PYUtIxCfLJZvo6FyhHJoClwwb9ftUkLpPSkuYqn6Tr+vnaN8hymm0kIbcg6Ey3kv/Q71k5w/A==}
    peerDependencies:
      magicast: ^0.3.5
    peerDependenciesMeta:
      magicast:
        optional: true

  chokidar@4.0.3:
    resolution: {integrity: sha512-Qgzu8kfBvo+cA4962jnP1KkS6Dop5NS6g7R5LFYJr4b8Ub94PPQXUksCw9PvXoeXPRRddRNC5C1JQUR2SMGtnA==}
    engines: {node: '>= 14.16.0'}

  chownr@2.0.0:
    resolution: {integrity: sha512-bIomtDF5KGpdogkLd9VspvFzk9KfpyyGlS8YFVZl7TGPBHL5snIOnxeshwVgPteQ9b4Eydl+pVbIyE1DcvCWgQ==}
    engines: {node: '>=10'}

  citty@0.1.6:
    resolution: {integrity: sha512-tskPPKEs8D2KPafUypv2gxwJP8h/OaJmC82QQGGDQcHvXX43xF2VDACcJVmZ0EuSxkpO9Kc4MlrA3q0+FG58AQ==}

  clsx@2.1.1:
    resolution: {integrity: sha512-eYm0QWBtUrBWZWG0d386OGAw16Z995PiOVo2B7bjWSbHedGl5e0ZWaq65kOGgUSNesEIDkB9ISbTg/JK9dhCZA==}
    engines: {node: '>=6'}

  color-support@1.1.3:
    resolution: {integrity: sha512-qiBjkpbMLO/HL68y+lh4q0/O1MZFj2RX6X/KmMa3+gJD3z+WwI1ZzDHysvqHGS3mP6mznPckpXmw1nI9cJjyRg==}
    hasBin: true

  commander@13.0.0:
    resolution: {integrity: sha512-oPYleIY8wmTVzkvQq10AEok6YcTC4sRUBl8F9gVuwchGVUCTbl/vhLTaQqutuuySYOsu8YTgV+OxKc/8Yvx+mQ==}
    engines: {node: '>=18'}

  confbox@0.1.8:
    resolution: {integrity: sha512-RMtmw0iFkeR4YV+fUOSucriAQNb9g8zFR52MWCtl+cCZOFRNL6zeB395vPzFhEjjn4fMxXudmELnl/KF/WrK6w==}

  consola@3.4.2:
    resolution: {integrity: sha512-5IKcdX0nnYavi6G7TtOhwkYzyjfJlatbjMjuLSfE2kYT5pMDOilZ4OvMhi637CcDICTmz3wARPoyhqyX1Y+XvA==}
    engines: {node: ^14.18.0 || >=16.10.0}

  default-browser-id@5.0.0:
    resolution: {integrity: sha512-A6p/pu/6fyBcA1TRz/GqWYPViplrftcW2gZC9q79ngNCKAeR/X3gcEdXQHl4KNXV+3wgIJ1CPkJQ3IHM6lcsyA==}
    engines: {node: '>=18'}

  default-browser@5.2.1:
    resolution: {integrity: sha512-WY/3TUME0x3KPYdRRxEJJvXRHV4PyPoUsxtZa78lwItwRQRHhd2U9xOscaT/YTf8uCXIAjeJOFBVEh/7FtD8Xg==}
    engines: {node: '>=18'}

  define-lazy-prop@3.0.0:
    resolution: {integrity: sha512-N+MeXYoqr3pOgn8xfyRPREN7gHakLYjhsHhWGT3fWAiL4IkAt0iDw14QiiEm2bE30c5XX5q0FtAA3CK5f9/BUg==}
    engines: {node: '>=12'}

  defu@6.1.4:
    resolution: {integrity: sha512-mEQCMmwJu317oSz8CwdIOdwf3xMif1ttiM8LTufzc3g6kR+9Pe236twL8j3IYT1F7GfRgGcW6MWxzZjLIkuHIg==}

  destr@2.0.5:
    resolution: {integrity: sha512-ugFTXCtDZunbzasqBxrK93Ik/DRYsO6S/fedkWEMKqt04xZ4csmnmwGDBAb07QWNaGMAmnTIemsYZCksjATwsA==}

  dotenv@16.5.0:
    resolution: {integrity: sha512-m/C+AwOAr9/W1UOIZUo232ejMNnJAJtYQjUbHoNTBNTJSvqzzDh7vnrei3o3r3m9blf6ZoDkvcw0VmozNRFJxg==}
    engines: {node: '>=12'}

  esm-env@1.2.2:
    resolution: {integrity: sha512-Epxrv+Nr/CaL4ZcFGPJIYLWFom+YeV1DqMLHJoEd9SYRxNbaFruBwfEX/kkHUJf55j2+TUbmDcmuilbP1TmXHA==}

  esrap@1.4.9:
    resolution: {integrity: sha512-3OMlcd0a03UGuZpPeUC1HxR3nA23l+HEyCiZw3b3FumJIN9KphoGzDJKMXI1S72jVS1dsenDyQC0kJlO1U9E1g==}

  fast-glob@3.3.3:
    resolution: {integrity: sha512-7MptL8U0cqcFdzIzwOTHoilX9x5BrNqye7Z/LuC7kCMRio1EMSyqRK3BEAUD7sXRq4iT4AzTVuZdhgQ2TCvYLg==}
    engines: {node: '>=8.6.0'}

  fastq@1.19.1:
    resolution: {integrity: sha512-GwLTyxkCXjXbxqIhTsMI2Nui8huMPtnxg7krajPJAjnEG/iiOS7i+zCtWGZR9G0NBKbXKh6X9m9UIsYX/N6vvQ==}

  fd-package-json@2.0.0:
    resolution: {integrity: sha512-jKmm9YtsNXN789RS/0mSzOC1NUq9mkVd65vbSSVsKdjGvYXBuE4oWe2QOEoFeRmJg+lPuZxpmrfFclNhoRMneQ==}

  fill-range@7.1.1:
    resolution: {integrity: sha512-YsGpe3WHLK8ZYi4tWDg2Jy3ebRz2rXowDxnld4bkQB00cc/1Zw9AWnC0i9ztDJitivtQvaI9KaLyKrc+hBW0yg==}
    engines: {node: '>=8'}

  formatly@0.2.4:
    resolution: {integrity: sha512-lIN7GpcvX/l/i24r/L9bnJ0I8Qn01qijWpQpDDvTLL29nKqSaJJu4h20+7VJ6m2CAhQ2/En/GbxDiHCzq/0MyA==}
    engines: {node: '>=18.3.0'}
    hasBin: true

  fs-minipass@2.1.0:
    resolution: {integrity: sha512-V/JgOLFCS+R6Vcq0slCuaeWEdNC3ouDlJMNIsacH2VtALiu9mV4LPrHc5cDl8k5aw6J8jwgWWpiTo5RYhmIzvg==}
    engines: {node: '>= 8'}

  giget@1.2.5:
    resolution: {integrity: sha512-r1ekGw/Bgpi3HLV3h1MRBIlSAdHoIMklpaQ3OQLFcRw9PwAj2rqigvIbg+dBUI51OxVI2jsEtDywDBjSiuf7Ug==}
    hasBin: true

  glob-parent@5.1.2:
    resolution: {integrity: sha512-AOIgSQCepiJYwP3ARnGx+5VnTu2HBYdzbGP45eLw1vr3zB3vZLeyed1sC9hnbcOc9/SrMyM5RPQrkGz4aS9Zow==}
    engines: {node: '>= 6'}

  handlebars@4.7.8:
    resolution: {integrity: sha512-vafaFqs8MZkRrSX7sFVUdo3ap/eNiLnb4IakshzvP56X5Nr1iGKAIqdX6tMlm6HcNRIkr6AxO5jFEoJzzpT8aQ==}
    engines: {node: '>=0.4.7'}
    hasBin: true

  is-docker@3.0.0:
    resolution: {integrity: sha512-eljcgEDlEns/7AXFosB5K/2nCM4P7FQPkGc/DWLy5rmFEWvZayGrik1d9/QIY5nJ4f9YsVvBkA6kJpHn9rISdQ==}
    engines: {node: ^12.20.0 || ^14.13.1 || >=16.0.0}
    hasBin: true

  is-extglob@2.1.1:
    resolution: {integrity: sha512-SbKbANkN603Vi4jEZv49LeVJMn4yGwsbzZworEoyEiutsN3nJYdbO36zfhGJ6QEDpOZIFkDtnq5JRxmvl3jsoQ==}
    engines: {node: '>=0.10.0'}

  is-glob@4.0.3:
    resolution: {integrity: sha512-xelSayHH36ZgE7ZWhli7pW34hNbNl8Ojv5KVmkJD4hBdD3th8Tfk9vYasLM+mXWOZhFkgZfxhLSnrwRr4elSSg==}
    engines: {node: '>=0.10.0'}

  is-inside-container@1.0.0:
    resolution: {integrity: sha512-KIYLCCJghfHZxqjYBE7rEy0OBuTd5xCHS7tHVgvCLkx7StIoaxwNW3hCALgEUjFfeRk+MG/Qxmp/vtETEF3tRA==}
    engines: {node: '>=14.16'}
    hasBin: true

  is-number@7.0.0:
    resolution: {integrity: sha512-41Cifkg6e8TylSpdtTpeLVMqvSBEVzTttHvERD741+pnZ8ANv0004MRL43QKPDlK9cGvNp6NZWZUBlbGXYxxng==}
    engines: {node: '>=0.12.0'}

  is-reference@3.0.3:
    resolution: {integrity: sha512-ixkJoqQvAP88E6wLydLGGqCJsrFUnqoH6HnaczB8XmDH1oaWU+xxdptvikTgaEhtZ53Ky6YXiBuUI2WXLMCwjw==}

  is-wsl@3.1.0:
    resolution: {integrity: sha512-UcVfVfaK4Sc4m7X3dUSoHoozQGBEFeDC+zVo06t98xe8CzHSZZBekNXH+tu0NalHolcJ/QAGqS46Hef7QXBIMw==}
    engines: {node: '>=16'}

  jiti@2.4.2:
    resolution: {integrity: sha512-rg9zJN+G4n2nfJl5MW3BMygZX56zKPNVEYYqq7adpmMh4Jn2QNEwhvQlFy6jPVdcod7txZtKHWnyZiA3a0zP7A==}
    hasBin: true

  js-yaml@4.1.0:
    resolution: {integrity: sha512-wpxZs9NoxZaJESJGIZTyDEaYpl0FKSA+FB9aJiyemKhMwkxQg63h4T1KJgUGHpTqPDNRcmmYLugrRjJlBtWvRA==}
    hasBin: true

  knip@https://pkg.pr.new/knip@1132:
    resolution: {tarball: https://pkg.pr.new/knip@1132}
    version: 5.61.0
    engines: {node: '>=18.18.0'}
    hasBin: true
    peerDependencies:
      '@types/node': '>=18'
      typescript: '>=5.0.4'

  locate-character@3.0.0:
    resolution: {integrity: sha512-SW13ws7BjaeJ6p7Q6CO2nchbYEc3X3J6WrmTTDto7yMPqVSZTUyY5Tjbid+Ab8gLnATtygYtiDIJGQRRn2ZOiA==}

  lodash@4.17.21:
    resolution: {integrity: sha512-v2kDEe57lecTulaDIuNTPy3Ry4gLGJ6Z1O3vE1krgXZNrsQ+LFTGHVxVjcXPs17LhbZVGedAJv8XZ1tvj5FvSg==}

  magic-string@0.30.17:
    resolution: {integrity: sha512-sNPKHvyjVf7gyjwS4xGTaW/mCnF8wnjtifKBEhxfZ7E/S8tQ0rssrwGNn6q8JH/ohItJfSQp9mBtQYuTlH5QnA==}

  merge2@1.4.1:
    resolution: {integrity: sha512-8q7VEgMJW4J8tcfVPy8g09NcQwZdbwFEqhe/WZkoIzjn/3TGDwtOCYtXGxA3O8tPzpczCCDgv+P2P5y00ZJOOg==}
    engines: {node: '>= 8'}

  micromatch@4.0.8:
    resolution: {integrity: sha512-PXwfBhYu0hBCPw8Dn0E+WDYb7af3dSLVWKi3HGv84IdF4TyFoC0ysxFd0Goxw7nSv4T/PzEJQxsYsEiFCKo2BA==}
    engines: {node: '>=8.6'}

  minimist@1.2.8:
    resolution: {integrity: sha512-2yyAR8qBkN3YuheJanUpWC5U3bb5osDywNB8RzDVlDwDHbocAJveqqj1u8+SVD7jkWT4yvsHCpWqqWqAxb0zCA==}

  minipass@3.3.6:
    resolution: {integrity: sha512-DxiNidxSEK+tHG6zOIklvNOwm3hvCrbUrdtzY74U6HKTJxvIDfOUL5W5P2Ghd3DTkhhKPYGqeNUIh5qcM4YBfw==}
    engines: {node: '>=8'}

  minipass@5.0.0:
    resolution: {integrity: sha512-3FnjYuehv9k6ovOEbyOswadCDPX1piCfhV8ncmYtHOjuPwylVWsghTLo7rabjC3Rx5xD4HDx8Wm1xnMF7S5qFQ==}
    engines: {node: '>=8'}

  minizlib@2.1.2:
    resolution: {integrity: sha512-bAxsR8BVfj60DWXHE3u30oHzfl4G7khkSuPW+qvpd7jFRHm7dLxOjUk1EHACJ/hxLY8phGJ0YhYHZo7jil7Qdg==}
    engines: {node: '>= 8'}

  mkdirp@1.0.4:
    resolution: {integrity: sha512-vVqVZQyf3WLx2Shd0qJ9xuvqgAyKPLAiqITEtqW0oIUjzo3PePDd6fW9iFz30ef7Ysp/oiWqbhszeGWW2T6Gzw==}
    engines: {node: '>=10'}
    hasBin: true

  mlly@1.7.4:
    resolution: {integrity: sha512-qmdSIPC4bDJXgZTCR7XosJiNKySV7O215tsPtDN9iEO/7q/76b/ijtgRu/+epFXSJhijtTCCGp3DWS549P3xKw==}

  neo-async@2.6.2:
    resolution: {integrity: sha512-Yd3UES5mWCSqR+qNT93S3UoYUkqAZ9lLg8a7g9rimsWmYGK8cVToA4/sF3RrshdyV3sAGMXVUmpMYOw+dLpOuw==}

  node-fetch-native@1.6.6:
    resolution: {integrity: sha512-8Mc2HhqPdlIfedsuZoc3yioPuzp6b+L5jRCRY1QzuWZh2EGJVQrGppC6V6cF0bLdbW0+O2YpqCA25aF/1lvipQ==}

  nypm@0.5.4:
    resolution: {integrity: sha512-X0SNNrZiGU8/e/zAB7sCTtdxWTMSIO73q+xuKgglm2Yvzwlo8UoC5FNySQFCvl84uPaeADkqHUZUkWy4aH4xOA==}
    engines: {node: ^14.16.0 || >=16.10.0}
    hasBin: true

  ohash@1.1.6:
    resolution: {integrity: sha512-TBu7PtV8YkAZn0tSxobKY2n2aAQva936lhRrj6957aDaCf9IEtqsKbgMzXE/F/sjqYOwmrukeORHNLe5glk7Cg==}

  open@10.1.2:
    resolution: {integrity: sha512-cxN6aIDPz6rm8hbebcP7vrQNhvRcveZoJU72Y7vskh4oIm+BZwBECnx5nTmrlres1Qapvx27Qo1Auukpf8PKXw==}
    engines: {node: '>=18'}

  oxc-resolver@11.2.0:
    resolution: {integrity: sha512-3iJYyIdDZMDoj0ZSVBrI1gUvPBMkDC4gxonBG+7uqUyK5EslG0mCwnf6qhxK8oEU7jLHjbRBNyzflPSd3uvH7Q==}

  pathe@1.1.2:
    resolution: {integrity: sha512-whLdWMYL2TwI08hn8/ZqAbrVemu0LNaNNJZX73O6qaIdCTfXutsLhMkjdENX0qhsQ9uIimo4/aQOmXkoon2nDQ==}

  pathe@2.0.3:
    resolution: {integrity: sha512-WUjGcAqP1gQacoQe+OBJsFA7Ld4DyXuUIjZ5cc75cLHvJ7dtNsTugphxIADwspS+AraAUePCKrSVtPLFj/F88w==}

  perfect-debounce@1.0.0:
    resolution: {integrity: sha512-xCy9V055GLEqoFaHoC1SoLIaLmWctgCUaBaWxDZ7/Zx4CTyX7cJQLJOok/orfjZAh9kEYpjJa4d0KcJmCbctZA==}

  picocolors@1.1.1:
    resolution: {integrity: sha512-xceH2snhtb5M9liqDsmEw56le376mTZkEX/jEb/RxNFyegNul7eNslCXP9FDj/Lcu0X8KEyMceP2ntpaHrDEVA==}

  picomatch@2.3.1:
    resolution: {integrity: sha512-JU3teHTNjmE2VCGFzuY8EXzCDVwEqB2a8fsIvwaStHhAWJEeVd1o1QD80CU6+ZdEXXSLbSsuLwJjkCBWqRQUVA==}
    engines: {node: '>=8.6'}

  picomatch@4.0.2:
    resolution: {integrity: sha512-M7BAV6Rlcy5u+m6oPhAPFgJTzAioX/6B0DxyvDlo9l8+T3nLKbrczg2WLUyzd45L8RqfUMyGPzekbMvX2Ldkwg==}
    engines: {node: '>=12'}

  pkg-types@1.3.1:
    resolution: {integrity: sha512-/Jm5M4RvtBFVkKWRu2BLUTNP8/M2a+UwuAX+ae4770q1qVGtfjG+WTCupoZixokjmHiry8uI+dlY8KXYV5HVVQ==}

  queue-microtask@1.2.3:
    resolution: {integrity: sha512-NuaNSa6flKT5JaSYQzJok04JzTL1CA6aGhv5rfLW3PgqA+M2ChpZQnAC8h8i4ZFkBS8X5RqkDBHA7r4hej3K9A==}

  rc9@2.1.2:
    resolution: {integrity: sha512-btXCnMmRIBINM2LDZoEmOogIZU7Qe7zn4BpomSKZ/ykbLObuBdvG+mFq11DL6fjH1DRwHhrlgtYWG96bJiC7Cg==}

  readdirp@4.1.2:
    resolution: {integrity: sha512-GDhwkLfywWL2s6vEjyhri+eXmfH6j1L7JE27WhqLeYzoh/A3DBaYGEj2H/HFZCn/kMfim73FXxEJTw06WtxQwg==}
    engines: {node: '>= 14.18.0'}

  reusify@1.1.0:
    resolution: {integrity: sha512-g6QUff04oZpHs0eG5p83rFLhHeV00ug/Yf9nZM6fLeUrPguBTkTQOdpAWWspMh55TZfVQDPaN3NQJfbVRAxdIw==}
    engines: {iojs: '>=1.0.0', node: '>=0.10.0'}

  run-applescript@7.0.0:
    resolution: {integrity: sha512-9by4Ij99JUr/MCFBUkDKLWK3G9HVXmabKz9U5MlIAIuvuzkiOicRYs8XJLxX+xahD+mLiiCYDqF9dKAgtzKP1A==}
    engines: {node: '>=18'}

  run-parallel@1.2.0:
    resolution: {integrity: sha512-5l4VyZR86LZ/lDxZTR6jqL8AFE2S0IFLMP26AbjsLVADxHdhB/c0GUsH+y39UfCi3dzz8OlQuPmnaJOMoDHQBA==}

  smol-toml@1.3.4:
    resolution: {integrity: sha512-UOPtVuYkzYGee0Bd2Szz8d2G3RfMfJ2t3qVdZUAozZyAk+a0Sxa+QKix0YCwjL/A1RR0ar44nCxaoN9FxdJGwA==}
    engines: {node: '>= 18'}

  source-map@0.6.1:
    resolution: {integrity: sha512-UjgapumWlbMhkBgzT7Ykc5YXUT46F0iKu8SGXq0bcwP5dz/h0Plj6enJqjz1Zbq2l5WaqYnrVbwWOWMyF3F47g==}
    engines: {node: '>=0.10.0'}

  strip-json-comments@5.0.2:
    resolution: {integrity: sha512-4X2FR3UwhNUE9G49aIsJW5hRRR3GXGTBTZRMfv568O60ojM8HcWjV/VxAxCDW3SUND33O6ZY66ZuRcdkj73q2g==}
    engines: {node: '>=14.16'}

  svelte@5.34.5:
    resolution: {integrity: sha512-MMqhT/iTdwExPcyBCt+Bqxv7FV+LpSciej/gVgd/Vj7zRF9iPgRWGBxiVAwfzPYAOgwgFigIAQV8VJfhyB08/w==}
    engines: {node: '>=18'}

  tar@6.2.1:
    resolution: {integrity: sha512-DZ4yORTwrbTj/7MZYq2w+/ZFdI6OZ/f9SFHR+71gIVUZhOQPHzVCLpvRnPgyaMpfWxxk/4ONva3GQSyNIKRv6A==}
    engines: {node: '>=10'}

  tinyexec@0.3.2:
    resolution: {integrity: sha512-KQQR9yN7R5+OSwaK0XQoj22pwHoTlgYqmUscPYoknOoWCWfj/5/ABTMRi69FrKU5ffPVh5QcFikpWJI/P1ocHA==}

  to-regex-range@5.0.1:
    resolution: {integrity: sha512-65P7iz6X5yEr1cwcgvQxbbIw7Uk3gOy5dIdtZ4rDveLqhrdJP+Li/Hx6tyK0NEb+2GCyneCMJiGqrADCSNk8sQ==}
    engines: {node: '>=8.0'}

  tslib@2.8.1:
    resolution: {integrity: sha512-oJFu94HQb+KVduSUQL7wnpmqnfmLsOA/nAh6b6EH0wCEoK0/mPeXU6c3wKDV83MkOuHPRHtSXKKU99IBazS/2w==}

  typescript@5.8.3:
    resolution: {integrity: sha512-p1diW6TqL9L07nNxvRMM7hMMw4c5XOo/1ibL4aAIGmSAt9slTE1Xgw5KWuof2uTOvCg9BY7ZRi+GaF+7sfgPeQ==}
    engines: {node: '>=14.17'}
    hasBin: true

  ufo@1.6.1:
    resolution: {integrity: sha512-9a4/uxlTWJ4+a5i0ooc1rU7C7YOw3wT+UGqdeNNHWnOF9qcMBgLRS+4IYUqbczewFx4mLEig6gawh7X6mFlEkA==}

  uglify-js@3.19.3:
    resolution: {integrity: sha512-v3Xu+yuwBXisp6QYTcH4UbH+xYJXqnq2m/LtQVWKWzYc1iehYnLixoQDN9FH6/j9/oybfd6W9Ghwkl8+UMKTKQ==}
    engines: {node: '>=0.8.0'}
    hasBin: true

  undici-types@7.8.0:
    resolution: {integrity: sha512-9UJ2xGDvQ43tYyVMpuHlsgApydB8ZKfVYTsLDhXkFL/6gfkp+U8xTGdh8pMJv1SpZna0zxG1DwsKZsreLbXBxw==}

  walk-up-path@4.0.0:
    resolution: {integrity: sha512-3hu+tD8YzSLGuFYtPRb48vdhKMi0KQV5sn+uWr8+7dMEq/2G/dtLrdDinkLjqq5TIbIBjYJ4Ax/n3YiaW7QM8A==}
    engines: {node: 20 || >=22}

  wordwrap@1.0.0:
    resolution: {integrity: sha512-gvVzJFlPycKc5dZN4yPkP8w7Dc37BtP1yczEneOb4uq34pXZcvrtRTmWV8W+Ume+XCxKgbjM+nevkyFPMybd4Q==}

  yallist@4.0.0:
    resolution: {integrity: sha512-3wdGidZyq5PB084XLES5TpOSRA3wjXAlIWMhum2kRcv/41Sn2emQ0dycQW4uZXLejwKvg6EsvbdlVL+FYEct7A==}

  zimmerframe@1.1.2:
    resolution: {integrity: sha512-rAbqEGa8ovJy4pyBxZM70hg4pE6gDgaQ0Sl9M3enG3I0d6H4XSAM3GeNGLKnsBpuijUow064sf7ww1nutC5/3w==}

  zod-validation-error@3.5.2:
    resolution: {integrity: sha512-mdi7YOLtram5dzJ5aDtm1AG9+mxRma1iaMrZdYIpFO7epdKBUwLHIxTF8CPDeCQ828zAXYtizrKlEJAtzgfgrw==}
    engines: {node: '>=18.0.0'}
    peerDependencies:
      zod: ^3.25.0

  zod@3.25.67:
    resolution: {integrity: sha512-idA2YXwpCdqUSKRCACDE6ItZD9TZzy3OZMtpfLoh6oPR47lipysRrJfjzMqFxQ3uJuUPyUeWe1r9vLH33xO/Qw==}

snapshots:

  '@ampproject/remapping@2.3.0':
    dependencies:
      '@jridgewell/gen-mapping': 0.3.8
      '@jridgewell/trace-mapping': 0.3.25

  '@emnapi/core@1.4.3':
    dependencies:
      '@emnapi/wasi-threads': 1.0.2
      tslib: 2.8.1
    optional: true

  '@emnapi/runtime@1.4.3':
    dependencies:
      tslib: 2.8.1
    optional: true

  '@emnapi/wasi-threads@1.0.2':
    dependencies:
      tslib: 2.8.1
    optional: true

  '@hey-api/json-schema-ref-parser@1.0.6':
    dependencies:
      '@jsdevtools/ono': 7.1.3
      '@types/json-schema': 7.0.15
      js-yaml: 4.1.0
      lodash: 4.17.21

  '@hey-api/openapi-ts@0.73.0(typescript@5.8.3)':
    dependencies:
      '@hey-api/json-schema-ref-parser': 1.0.6
      ansi-colors: 4.1.3
      c12: 2.0.1
      color-support: 1.1.3
      commander: 13.0.0
      handlebars: 4.7.8
      open: 10.1.2
      typescript: 5.8.3
    transitivePeerDependencies:
      - magicast

  '@jridgewell/gen-mapping@0.3.8':
    dependencies:
      '@jridgewell/set-array': 1.2.1
      '@jridgewell/sourcemap-codec': 1.5.0
      '@jridgewell/trace-mapping': 0.3.25

  '@jridgewell/resolve-uri@3.1.2': {}

  '@jridgewell/set-array@1.2.1': {}

  '@jridgewell/sourcemap-codec@1.5.0': {}

  '@jridgewell/trace-mapping@0.3.25':
    dependencies:
      '@jridgewell/resolve-uri': 3.1.2
      '@jridgewell/sourcemap-codec': 1.5.0

  '@jsdevtools/ono@7.1.3': {}

  '@napi-rs/wasm-runtime@0.2.11':
    dependencies:
      '@emnapi/core': 1.4.3
      '@emnapi/runtime': 1.4.3
      '@tybys/wasm-util': 0.9.0
    optional: true

  '@nodelib/fs.scandir@2.1.5':
    dependencies:
      '@nodelib/fs.stat': 2.0.5
      run-parallel: 1.2.0

  '@nodelib/fs.stat@2.0.5': {}

  '@nodelib/fs.walk@1.2.8':
    dependencies:
      '@nodelib/fs.scandir': 2.1.5
      fastq: 1.19.1

  '@oxc-resolver/binding-darwin-arm64@11.2.0':
    optional: true

  '@oxc-resolver/binding-darwin-x64@11.2.0':
    optional: true

  '@oxc-resolver/binding-freebsd-x64@11.2.0':
    optional: true

  '@oxc-resolver/binding-linux-arm-gnueabihf@11.2.0':
    optional: true

  '@oxc-resolver/binding-linux-arm64-gnu@11.2.0':
    optional: true

  '@oxc-resolver/binding-linux-arm64-musl@11.2.0':
    optional: true

  '@oxc-resolver/binding-linux-riscv64-gnu@11.2.0':
    optional: true

  '@oxc-resolver/binding-linux-s390x-gnu@11.2.0':
    optional: true

  '@oxc-resolver/binding-linux-x64-gnu@11.2.0':
    optional: true

  '@oxc-resolver/binding-linux-x64-musl@11.2.0':
    optional: true

  '@oxc-resolver/binding-wasm32-wasi@11.2.0':
    dependencies:
      '@napi-rs/wasm-runtime': 0.2.11
    optional: true

  '@oxc-resolver/binding-win32-arm64-msvc@11.2.0':
    optional: true

  '@oxc-resolver/binding-win32-x64-msvc@11.2.0':
    optional: true

  '@sveltejs/acorn-typescript@1.0.5(acorn@8.15.0)':
    dependencies:
      acorn: 8.15.0

  '@tanstack/query-core@5.80.7': {}

  '@tanstack/svelte-query@5.80.7(svelte@5.34.5)':
    dependencies:
      '@tanstack/query-core': 5.80.7
      svelte: 5.34.5

  '@tybys/wasm-util@0.9.0':
    dependencies:
      tslib: 2.8.1
    optional: true

  '@types/estree@1.0.8': {}

  '@types/json-schema@7.0.15': {}

  '@types/node@24.0.3':
    dependencies:
      undici-types: 7.8.0

  acorn@8.15.0: {}

  ansi-colors@4.1.3: {}

  argparse@2.0.1: {}

  aria-query@5.3.2: {}

  axobject-query@4.1.0: {}

  braces@3.0.3:
    dependencies:
      fill-range: 7.1.1

  bundle-name@4.1.0:
    dependencies:
      run-applescript: 7.0.0

  c12@2.0.1:
    dependencies:
      chokidar: 4.0.3
      confbox: 0.1.8
      defu: 6.1.4
      dotenv: 16.5.0
      giget: 1.2.5
      jiti: 2.4.2
      mlly: 1.7.4
      ohash: 1.1.6
      pathe: 1.1.2
      perfect-debounce: 1.0.0
      pkg-types: 1.3.1
      rc9: 2.1.2

  chokidar@4.0.3:
    dependencies:
      readdirp: 4.1.2

  chownr@2.0.0: {}

  citty@0.1.6:
    dependencies:
      consola: 3.4.2

  clsx@2.1.1: {}

  color-support@1.1.3: {}

  commander@13.0.0: {}

  confbox@0.1.8: {}

  consola@3.4.2: {}

  default-browser-id@5.0.0: {}

  default-browser@5.2.1:
    dependencies:
      bundle-name: 4.1.0
      default-browser-id: 5.0.0

  define-lazy-prop@3.0.0: {}

  defu@6.1.4: {}

  destr@2.0.5: {}

  dotenv@16.5.0: {}

  esm-env@1.2.2: {}

  esrap@1.4.9:
    dependencies:
      '@jridgewell/sourcemap-codec': 1.5.0

  fast-glob@3.3.3:
    dependencies:
      '@nodelib/fs.stat': 2.0.5
      '@nodelib/fs.walk': 1.2.8
      glob-parent: 5.1.2
      merge2: 1.4.1
      micromatch: 4.0.8

  fastq@1.19.1:
    dependencies:
      reusify: 1.1.0

  fd-package-json@2.0.0:
    dependencies:
      walk-up-path: 4.0.0

  fill-range@7.1.1:
    dependencies:
      to-regex-range: 5.0.1

  formatly@0.2.4:
    dependencies:
      fd-package-json: 2.0.0

  fs-minipass@2.1.0:
    dependencies:
      minipass: 3.3.6

  giget@1.2.5:
    dependencies:
      citty: 0.1.6
      consola: 3.4.2
      defu: 6.1.4
      node-fetch-native: 1.6.6
      nypm: 0.5.4
      pathe: 2.0.3
      tar: 6.2.1

  glob-parent@5.1.2:
    dependencies:
      is-glob: 4.0.3

  handlebars@4.7.8:
    dependencies:
      minimist: 1.2.8
      neo-async: 2.6.2
      source-map: 0.6.1
      wordwrap: 1.0.0
    optionalDependencies:
      uglify-js: 3.19.3

  is-docker@3.0.0: {}

  is-extglob@2.1.1: {}

  is-glob@4.0.3:
    dependencies:
      is-extglob: 2.1.1

  is-inside-container@1.0.0:
    dependencies:
      is-docker: 3.0.0

  is-number@7.0.0: {}

  is-reference@3.0.3:
    dependencies:
      '@types/estree': 1.0.8

  is-wsl@3.1.0:
    dependencies:
      is-inside-container: 1.0.0

  jiti@2.4.2: {}

  js-yaml@4.1.0:
    dependencies:
      argparse: 2.0.1

  knip@https://pkg.pr.new/knip@1132(@types/node@24.0.3)(typescript@5.8.3):
    dependencies:
      '@nodelib/fs.walk': 1.2.8
      '@types/node': 24.0.3
      fast-glob: 3.3.3
      formatly: 0.2.4
      jiti: 2.4.2
      js-yaml: 4.1.0
      minimist: 1.2.8
      oxc-resolver: 11.2.0
      picocolors: 1.1.1
      picomatch: 4.0.2
      smol-toml: 1.3.4
      strip-json-comments: 5.0.2
      typescript: 5.8.3
      zod: 3.25.67
      zod-validation-error: 3.5.2(zod@3.25.67)

  locate-character@3.0.0: {}

  lodash@4.17.21: {}

  magic-string@0.30.17:
    dependencies:
      '@jridgewell/sourcemap-codec': 1.5.0

  merge2@1.4.1: {}

  micromatch@4.0.8:
    dependencies:
      braces: 3.0.3
      picomatch: 2.3.1

  minimist@1.2.8: {}

  minipass@3.3.6:
    dependencies:
      yallist: 4.0.0

  minipass@5.0.0: {}

  minizlib@2.1.2:
    dependencies:
      minipass: 3.3.6
      yallist: 4.0.0

  mkdirp@1.0.4: {}

  mlly@1.7.4:
    dependencies:
      acorn: 8.15.0
      pathe: 2.0.3
      pkg-types: 1.3.1
      ufo: 1.6.1

  neo-async@2.6.2: {}

  node-fetch-native@1.6.6: {}

  nypm@0.5.4:
    dependencies:
      citty: 0.1.6
      consola: 3.4.2
      pathe: 2.0.3
      pkg-types: 1.3.1
      tinyexec: 0.3.2
      ufo: 1.6.1

  ohash@1.1.6: {}

  open@10.1.2:
    dependencies:
      default-browser: 5.2.1
      define-lazy-prop: 3.0.0
      is-inside-container: 1.0.0
      is-wsl: 3.1.0

  oxc-resolver@11.2.0:
    optionalDependencies:
      '@oxc-resolver/binding-darwin-arm64': 11.2.0
      '@oxc-resolver/binding-darwin-x64': 11.2.0
      '@oxc-resolver/binding-freebsd-x64': 11.2.0
      '@oxc-resolver/binding-linux-arm-gnueabihf': 11.2.0
      '@oxc-resolver/binding-linux-arm64-gnu': 11.2.0
      '@oxc-resolver/binding-linux-arm64-musl': 11.2.0
      '@oxc-resolver/binding-linux-riscv64-gnu': 11.2.0
      '@oxc-resolver/binding-linux-s390x-gnu': 11.2.0
      '@oxc-resolver/binding-linux-x64-gnu': 11.2.0
      '@oxc-resolver/binding-linux-x64-musl': 11.2.0
      '@oxc-resolver/binding-wasm32-wasi': 11.2.0
      '@oxc-resolver/binding-win32-arm64-msvc': 11.2.0
      '@oxc-resolver/binding-win32-x64-msvc': 11.2.0

  pathe@1.1.2: {}

  pathe@2.0.3: {}

  perfect-debounce@1.0.0: {}

  picocolors@1.1.1: {}

  picomatch@2.3.1: {}

  picomatch@4.0.2: {}

  pkg-types@1.3.1:
    dependencies:
      confbox: 0.1.8
      mlly: 1.7.4
      pathe: 2.0.3

  queue-microtask@1.2.3: {}

  rc9@2.1.2:
    dependencies:
      defu: 6.1.4
      destr: 2.0.5

  readdirp@4.1.2: {}

  reusify@1.1.0: {}

  run-applescript@7.0.0: {}

  run-parallel@1.2.0:
    dependencies:
      queue-microtask: 1.2.3

  smol-toml@1.3.4: {}

  source-map@0.6.1: {}

  strip-json-comments@5.0.2: {}

  svelte@5.34.5:
    dependencies:
      '@ampproject/remapping': 2.3.0
      '@jridgewell/sourcemap-codec': 1.5.0
      '@sveltejs/acorn-typescript': 1.0.5(acorn@8.15.0)
      '@types/estree': 1.0.8
      acorn: 8.15.0
      aria-query: 5.3.2
      axobject-query: 4.1.0
      clsx: 2.1.1
      esm-env: 1.2.2
      esrap: 1.4.9
      is-reference: 3.0.3
      locate-character: 3.0.0
      magic-string: 0.30.17
      zimmerframe: 1.1.2

  tar@6.2.1:
    dependencies:
      chownr: 2.0.0
      fs-minipass: 2.1.0
      minipass: 5.0.0
      minizlib: 2.1.2
      mkdirp: 1.0.4
      yallist: 4.0.0

  tinyexec@0.3.2: {}

  to-regex-range@5.0.1:
    dependencies:
      is-number: 7.0.0

  tslib@2.8.1:
    optional: true

  typescript@5.8.3: {}

  ufo@1.6.1: {}

  uglify-js@3.19.3:
    optional: true

  undici-types@7.8.0: {}

  walk-up-path@4.0.0: {}

  wordwrap@1.0.0: {}

  yallist@4.0.0: {}

  zimmerframe@1.1.2: {}

  zod-validation-error@3.5.2(zod@3.25.67):
    dependencies:
      zod: 3.25.67

  zod@3.25.67: {}
